
Microsoft Visual Studio Solution File, Format Version 12.00
# Visual Studio 15
VisualStudioVersion = 15.0.27130.2026
MinimumVisualStudioVersion = 10.0.40219.1
Project("{FAE04EC0-301F-11D3-BF4B-00C04F79EFBC}") = "ResizeTo5MB", "ResizeTo5MB.csproj", "{9FAEB8FF-913B-491E-A7A5-9F7F81BB7FCF}"
EndProject
Global
	GlobalSection(SolutionConfigurationPlatforms) = preSolution
		Debug|Any CPU = Debug|Any CPU
		Release|Any CPU = Release|Any CPU
	EndGlobalSection
	GlobalSection(ProjectConfigurationPlatforms) = postSolution
		{9FAEB8FF-913B-491E-A7A5-9F7F81BB7FCF}.Debug|Any CPU.ActiveCfg = Debug|Any CPU
		{9FAEB8FF-913B-491E-A7A5-9F7F81BB7FCF}.Debug|Any CPU.Build.0 = Debug|Any CPU
		{9FAEB8FF-913B-491E-A7A5-9F7F81BB7FCF}.Release|Any CPU.ActiveCfg = Release|Any CPU
		{9FAEB8FF-913B-491E-A7A5-9F7F81BB7FCF}.Release|Any CPU.Build.0 = Release|Any CPU
	EndGlobalSection
	GlobalSection(SolutionProperties) = preSolution
		HideSolutionNode = FALSE
	EndGlobalSection
	GlobalSection(ExtensibilityGlobals) = postSolution
		SolutionGuid = {03D817A7-41C2-403C-8A60-1D569C9577BB}
	EndGlobalSection
EndGlobal
